
Microsoft Visual Studio Solution File, Format Version 12.00
# Visual Studio Version 17
VisualStudioVersion = 17.11.35312.102
MinimumVisualStudioVersion = 10.0.40219.1
Project("{FAE04EC0-301F-11D3-BF4B-00C04F79EFBC}") = "podsos", "podsos\podsos.csproj", "{387FF12A-B830-4985-8E28-826473102C19}"
EndProject
Global
	GlobalSection(SolutionConfigurationPlatforms) = preSolution
		Debug|Any CPU = Debug|Any CPU
		Release|Any CPU = Release|Any CPU
	EndGlobalSection
	GlobalSection(ProjectConfigurationPlatforms) = postSolution
		{387FF12A-B830-4985-8E28-826473102C19}.Debug|Any CPU.ActiveCfg = Debug|Any CPU
		{387FF12A-B830-4985-8E28-826473102C19}.Debug|Any CPU.Build.0 = Debug|Any CPU
		{387FF12A-B830-4985-8E28-826473102C19}.Release|Any CPU.ActiveCfg = Release|Any CPU
		{387FF12A-B830-4985-8E28-826473102C19}.Release|Any CPU.Build.0 = Release|Any CPU
	EndGlobalSection
	GlobalSection(SolutionProperties) = preSolution
		HideSolutionNode = FALSE
	EndGlobalSection
	GlobalSection(ExtensibilityGlobals) = postSolution
		SolutionGuid = {EFA2E6D0-694A-4D38-BEFB-7AD86D6C94C0}
	EndGlobalSection
EndGlobal
